%{
  "dialyxir": {:hex, :dialyxir, "1.0.0", "6a1fa629f7881a9f5aaf3a78f094b2a51a0357c843871b8bc98824e7342d00a5", [:mix], [{:erlex, ">= 0.2.6", [hex: :erlex, repo: "hexpm", optional: false]}], "hexpm", "aeb06588145fac14ca08d8061a142d52753dbc2cf7f0d00fc1013f53f8654654"},
  "dns": {:hex, :dns, "2.1.2", "81c46d39f7934f0e73368355126e4266762cf227ba61d5889635d83b2d64a493", [:mix], [{:socket, "~> 0.3.13", [hex: :socket, repo: "hexpm", optional: false]}], "hexpm", "6818589d8e59c03a2c73001e5cd7a957f99c30a796021aa32445ea14d0f3356b"},
  "earmark": {:hex, :earmark, "1.4.4", "4821b8d05cda507189d51f2caeef370cf1e18ca5d7dfb7d31e9cafe6688106a4", [:mix], [], "hexpm", "1f93aba7340574847c0f609da787f0d79efcab51b044bb6e242cae5aca9d264d"},
  "elixir_make": {:hex, :elixir_make, "0.6.0", "38349f3e29aff4864352084fc736fa7fa0f2995a819a737554f7ebd28b85aaab", [:mix], [], "hexpm", "d522695b93b7f0b4c0fcb2dfe73a6b905b1c301226a5a55cb42e5b14d509e050"},
  "erlex": {:hex, :erlex, "0.2.6", "c7987d15e899c7a2f34f5420d2a2ea0d659682c06ac607572df55a43753aa12e", [:mix], [], "hexpm", "2ed2e25711feb44d52b17d2780eabf998452f6efda104877a3881c2f8c0c0c75"},
  "ex_doc": {:hex, :ex_doc, "0.22.1", "9bb6d51508778193a4ea90fa16eac47f8b67934f33f8271d5e1edec2dc0eee4c", [:mix], [{:earmark, "~> 1.4.0", [hex: :earmark, repo: "hexpm", optional: false]}, {:makeup_elixir, "~> 0.14", [hex: :makeup_elixir, repo: "hexpm", optional: false]}], "hexpm", "d957de1b75cb9f78d3ee17820733dc4460114d8b1e11f7ee4fd6546e69b1db60"},
  "gen_state_machine": {:hex, :gen_state_machine, "2.0.5", "9ac15ec6e66acac994cc442dcc2c6f9796cf380ec4b08267223014be1c728a95", [:mix], [], "hexpm", "5cacd405e72b2609a7e1f891bddb80c53d0b3b7b0036d1648e7382ca108c41c8"},
  "makeup": {:hex, :makeup, "1.0.2", "0b9f7bfb7a88bed961341b359bc2cc1b233517af891ba4890ec5a580ffe738b4", [:mix], [{:nimble_parsec, "~> 0.5", [hex: :nimble_parsec, repo: "hexpm", optional: false]}], "hexpm", "43833299231c6a6983afc75a34e43eeba638521d5527ff89809fa6372424fd7e"},
  "makeup_elixir": {:hex, :makeup_elixir, "0.14.1", "4f0e96847c63c17841d42c08107405a005a2680eb9c7ccadfd757bd31dabccfb", [:mix], [{:makeup, "~> 1.0", [hex: :makeup, repo: "hexpm", optional: false]}], "hexpm", "f2438b1a80eaec9ede832b5c41cd4f373b38fd7aa33e3b22d9db79e640cbde11"},
  "mdns_lite": {:hex, :mdns_lite, "0.6.1", "6be652b99612d6790594b7e24ad04efd064028be4b9f199a8924fd4a89dd8881", [:mix], [{:dns, "~> 2.1", [hex: :dns, repo: "hexpm", optional: false]}, {:vintage_net, "~> 0.6", [hex: :vintage_net, repo: "hexpm", optional: true]}], "hexpm", "e664f7ddacf7b811f9b7cec0c06c4e39788971bbdce24a19dc0f83c137aef8a0"},
  "muontrap": {:hex, :muontrap, "0.5.1", "98fe96d0e616ee518860803a37a29eb23ffc2ca900047cb1bb7fd37521010093", [:make, :mix], [{:elixir_make, "~> 0.6", [hex: :elixir_make, repo: "hexpm", optional: false]}], "hexpm", "3c11b7f151b202148912c73cbdd633b76fa68fabc26cc441c9d6d140e22290dc"},
  "nerves_firmware_ssh": {:hex, :nerves_firmware_ssh, "0.4.4", "12b0d9c84ec9f79c1b0ac0de1c575372ef972d0c58ce21c36bf354062c6222d9", [:mix], [{:nerves_runtime, "~> 0.6", [hex: :nerves_runtime, repo: "hexpm", optional: false]}], "hexpm", "98c40104d0d2c6e6e8cce22f8c8fd8ad5b4b97f8694e42a9101ca44befac38f0"},
  "nerves_runtime": {:hex, :nerves_runtime, "0.11.0", "96787c3935ec1a4943c8fcd63ce6ed1f2301f5f28eac41db800f3fafe0043f1f", [:make, :mix], [{:elixir_make, "~> 0.6", [hex: :elixir_make, repo: "hexpm", optional: false]}, {:system_registry, "~> 0.8.0", [hex: :system_registry, repo: "hexpm", optional: false]}, {:uboot_env, "~> 0.1.1", [hex: :uboot_env, repo: "hexpm", optional: false]}], "hexpm", "7adc7f7163422bddd569daadcb5d9ceb3010687afcba9f3c147ad17361417d7e"},
  "nerves_time": {:hex, :nerves_time, "0.4.0", "8c2a6be23df71fe331407d1ab0c61334d8159c4acd55f777a0c835a6b6f81483", [:make, :mix], [{:elixir_make, "~> 0.6", [hex: :elixir_make, repo: "hexpm", optional: false]}, {:muontrap, "~> 0.5", [hex: :muontrap, repo: "hexpm", optional: false]}], "hexpm", "51dd7a34fa346647214f94b201cf524b182c62c4f9f44656bc1910823028dd59"},
  "nimble_parsec": {:hex, :nimble_parsec, "0.6.0", "32111b3bf39137144abd7ba1cce0914533b2d16ef35e8abc5ec8be6122944263", [:mix], [], "hexpm", "27eac315a94909d4dc68bc07a4a83e06c8379237c5ea528a9acff4ca1c873c52"},
  "one_dhcpd": {:hex, :one_dhcpd, "0.2.4", "2664f2e1ac72cbae0474a88d1a3d55019ccc3ee582ded382589511627a8ed516", [:make, :mix], [{:elixir_make, "~> 0.6", [hex: :elixir_make, repo: "hexpm", optional: false]}], "hexpm", "38f08c228d066153dbe352b150910345e395eacd2db3c19085d54c0baeeebacb"},
  "ring_logger": {:hex, :ring_logger, "0.8.0", "b1baddc269099b2afe2ea3a87b8e2b71e57331c0000038ae55090068aac679db", [:mix], [], "hexpm", "9b2f482e4346c13c11ef555f898202d0ddbfda6e2354e5c6e0559d2b4e0cf781"},
  "socket": {:hex, :socket, "0.3.13", "98a2ab20ce17f95fb512c5cadddba32b57273e0d2dba2d2e5f976c5969d0c632", [:mix], [], "hexpm", "f82ea9833ef49dde272e6568ab8aac657a636acb4cf44a7de8a935acb8957c2e"},
  "system_registry": {:hex, :system_registry, "0.8.2", "df791dc276652fcfb53be4dab823e05f8269b96ac57c26f86a67838dbc0eefe7", [:mix], [], "hexpm", "f7acdede22c73ab0b3735eead7f2095efb2a7a6198366564205274db2ca2a8f8"},
  "uboot_env": {:hex, :uboot_env, "0.1.1", "b01e3ec0973e99473234f27839e29e63b5b81eba6a136a18a78d049d4813d6c5", [:mix], [], "hexpm", "f7b82da0cb40c8db9c9fb1fc977780ab0c28d961ec1f3c7ab265c4352e4141ae"},
  "vintage_net": {:hex, :vintage_net, "0.7.5", "4e843a3f029a32cd5644aa3397bbb1463e123b06848e5a3c99cefc58af395a2a", [:make, :mix], [{:busybox, "~> 0.1.4", [hex: :busybox, repo: "hexpm", optional: true]}, {:elixir_make, "~> 0.6", [hex: :elixir_make, repo: "hexpm", optional: false]}, {:gen_state_machine, "~> 2.0.0", [hex: :gen_state_machine, repo: "hexpm", optional: false]}, {:muontrap, "~> 0.5.1", [hex: :muontrap, repo: "hexpm", optional: false]}], "hexpm", "cc2e3d3d1e5e04a15df32ce624d8c3cccc88432dcada48eccc6de9bec891acc2"},
  "vintage_net_direct": {:hex, :vintage_net_direct, "0.7.0", "6a8d95432fc2fb9a9e0225bf1a6dbb7c1ba097bb509a989e947ad3f44d2b0f28", [:mix], [{:one_dhcpd, "~> 0.2.3", [hex: :one_dhcpd, repo: "hexpm", optional: false]}, {:vintage_net, "~> 0.7.0", [hex: :vintage_net, repo: "hexpm", optional: false]}], "hexpm", "9c091687dccbc379ba3b8de01458a3e911321aa391e2c2ae3be7edadd0c51f76"},
  "vintage_net_ethernet": {:hex, :vintage_net_ethernet, "0.7.0", "b66a4da0846b4a55a471d15d8ab2bedbbef9c75c18f4e511c43777f7cfeffa09", [:mix], [{:vintage_net, "~> 0.7.0", [hex: :vintage_net, repo: "hexpm", optional: false]}], "hexpm", "bff0fa24b153b80dab959a0697777c4de7c3272c387ffa618f73805d66757c3f"},
  "vintage_net_wifi": {:hex, :vintage_net_wifi, "0.7.0", "be3d8275fa40ba357159033523606c74c8f612dbd60801840df60835453a6906", [:make, :mix], [{:elixir_make, "~> 0.6", [hex: :elixir_make, repo: "hexpm", optional: false]}, {:vintage_net, "~> 0.7.0", [hex: :vintage_net, repo: "hexpm", optional: false]}], "hexpm", "a9dfac64705f0b7cd7e0fc2338cf891eef091a49385805d0a42c22fb0aaa7c84"},
}
