%{
  "beam_notify": {:hex, :beam_notify, "1.1.0", "4ce38e27460a3c03b6f77c10c6f31458b035ebb1035cd52d4b3e771311837dba", [:make, :mix], [{:elixir_make, "~> 0.6", [hex: :elixir_make, repo: "hexpm", optional: false]}], "hexpm", "8547a310702bfcea0e401534398617b940808ff6ad10c43dddc85c169de7b9cc"},
  "circular_buffer": {:hex, :circular_buffer, "0.4.1", "477f370fd8cfe1787b0a1bade6208bbd274b34f1610e41f1180ba756a7679839", [:mix], [], "hexpm", "633ef2e059dde0d7b89bbab13b1da9d04c6685e80e68fbdf41282d4fae746b72"},
  "earmark_parser": {:hex, :earmark_parser, "1.4.39", "424642f8335b05bb9eb611aa1564c148a8ee35c9c8a8bba6e129d51a3e3c6769", [:mix], [], "hexpm", "06553a88d1f1846da9ef066b87b57c6f605552cfbe40d20bd8d59cc6bde41944"},
  "elixir_make": {:hex, :elixir_make, "0.7.8", "505026f266552ee5aabca0b9f9c229cbb496c689537c9f922f3eb5431157efc7", [:mix], [{:castore, "~> 0.1 or ~> 1.0", [hex: :castore, repo: "hexpm", optional: true]}, {:certifi, "~> 2.0", [hex: :certifi, repo: "hexpm", optional: true]}], "hexpm", "7a71945b913d37ea89b06966e1342c85cfe549b15e6d6d081e8081c493062c07"},
  "ex_doc": {:hex, :ex_doc, "0.31.1", "8a2355ac42b1cc7b2379da9e40243f2670143721dd50748bf6c3b1184dae2089", [:mix], [{:earmark_parser, "~> 1.4.39", [hex: :earmark_parser, repo: "hexpm", optional: false]}, {:makeup_c, ">= 0.1.1", [hex: :makeup_c, repo: "hexpm", optional: true]}, {:makeup_elixir, "~> 0.14", [hex: :makeup_elixir, repo: "hexpm", optional: false]}, {:makeup_erlang, "~> 0.1", [hex: :makeup_erlang, repo: "hexpm", optional: false]}], "hexpm", "3178c3a407c557d8343479e1ff117a96fd31bafe52a039079593fb0524ef61b0"},
  "gen_state_machine": {:hex, :gen_state_machine, "3.0.0", "1e57f86a494e5c6b14137ebef26a7eb342b3b0070c7135f2d6768ed3f6b6cdff", [:mix], [], "hexpm", "0a59652574bebceb7309f6b749d2a41b45fdeda8dbb4da0791e355dd19f0ed15"},
  "makeup": {:hex, :makeup, "1.1.1", "fa0bc768698053b2b3869fa8a62616501ff9d11a562f3ce39580d60860c3a55e", [:mix], [{:nimble_parsec, "~> 1.2.2 or ~> 1.3", [hex: :nimble_parsec, repo: "hexpm", optional: false]}], "hexpm", "5dc62fbdd0de44de194898b6710692490be74baa02d9d108bc29f007783b0b48"},
  "makeup_elixir": {:hex, :makeup_elixir, "0.16.1", "cc9e3ca312f1cfeccc572b37a09980287e243648108384b97ff2b76e505c3555", [:mix], [{:makeup, "~> 1.0", [hex: :makeup, repo: "hexpm", optional: false]}, {:nimble_parsec, "~> 1.2.3 or ~> 1.3", [hex: :nimble_parsec, repo: "hexpm", optional: false]}], "hexpm", "e127a341ad1b209bd80f7bd1620a15693a9908ed780c3b763bccf7d200c767c6"},
  "makeup_erlang": {:hex, :makeup_erlang, "0.1.3", "d684f4bac8690e70b06eb52dad65d26de2eefa44cd19d64a8095e1417df7c8fd", [:mix], [{:makeup, "~> 1.0", [hex: :makeup, repo: "hexpm", optional: false]}], "hexpm", "b78dc853d2e670ff6390b605d807263bf606da3c82be37f9d7f68635bd886fc9"},
  "mdns_lite": {:hex, :mdns_lite, "0.8.8", "e455f4d99dc708a9996ae8559f2893429ef39f0ca7d84ee63ce0e4b2f6a00a3f", [:mix], [{:vintage_net, "~> 0.7", [hex: :vintage_net, repo: "hexpm", optional: true]}], "hexpm", "221badb8e7b2a725ef642dc6121a61d8bfb7bad2a70afcc97bce6c9c7ce3c47c"},
  "muontrap": {:hex, :muontrap, "1.4.0", "13aa25cf0ee00ef77f1b2fd66221ef69ec02785b1fa6d073287462b19edf4f22", [:make, :mix], [{:elixir_make, "~> 0.6", [hex: :elixir_make, repo: "hexpm", optional: false]}], "hexpm", "04e73438af6d0954d3ea4ab6b70bc4d9eef80341647a1ce4449797294ebfc399"},
  "nerves_logging": {:hex, :nerves_logging, "0.2.2", "d0e878ac92e6907757fa9898b661250fa1cf50474763ca59ecfadca1c2235337", [:make, :mix], [{:elixir_make, "~> 0.6", [hex: :elixir_make, repo: "hexpm", optional: false]}], "hexpm", "74c181c6f011ea0c2d52956ad82065a59d7c7b62ddfba5967b010ef125f460a5"},
  "nerves_motd": {:hex, :nerves_motd, "0.1.13", "5ab28a458e8ba8cf7f165573dd413f3ed0f9720dc08eda51c2bcb0d7edffa9ee", [:mix], [{:nerves_runtime, "~> 0.8", [hex: :nerves_runtime, repo: "hexpm", optional: false]}, {:nerves_time, "~> 0.4", [hex: :nerves_time, repo: "hexpm", optional: true]}, {:nerves_time_zones, "~> 0.1", [hex: :nerves_time_zones, repo: "hexpm", optional: true]}], "hexpm", "f3fee43ab52181b0de015eec4a9835b99526170ac83a0f621a155f458e1c9eeb"},
  "nerves_runtime": {:hex, :nerves_runtime, "0.13.7", "0a7b15d5f55af1b695f7a4a1bd597c2f6101f8cbe7fe7a30743e3e441b7e233f", [:mix], [{:nerves_logging, "~> 0.2.0", [hex: :nerves_logging, repo: "hexpm", optional: false]}, {:nerves_uevent, "~> 0.1.0", [hex: :nerves_uevent, repo: "hexpm", optional: false]}, {:uboot_env, "~> 0.3.0 or ~> 1.0", [hex: :uboot_env, repo: "hexpm", optional: false]}], "hexpm", "6bafb89344709e5405cc7f9b140f91ca76ea3749f0eb3af80d8f8b8c53388b2d"},
  "nerves_ssh": {:hex, :nerves_ssh, "0.4.3", "32540ad52a9781b7b1a1427ea1d282a9129f16b40f0a06de2074019ed455e760", [:mix], [{:nerves_runtime, "~> 0.11", [hex: :nerves_runtime, repo: "hexpm", optional: false]}, {:ssh_subsystem_fwup, "~> 0.5", [hex: :ssh_subsystem_fwup, repo: "hexpm", optional: false]}], "hexpm", "dfd079e4609d1d231dd29a9588534957a24c0baed1f434233dbfc2a679ea14d8"},
  "nerves_time": {:hex, :nerves_time, "0.4.6", "f02e5e866149f3884a4b125104a5b677f7e61d271c1f7d87bc989197dc02dae5", [:make, :mix], [{:elixir_make, "~> 0.6", [hex: :elixir_make, repo: "hexpm", optional: false]}, {:muontrap, "~> 1.0 or ~> 0.5", [hex: :muontrap, repo: "hexpm", optional: false]}], "hexpm", "1fecb9e9dd098c0e93d35205a79e604831779f2d2313cfe7c31d181678e26ce6"},
  "nerves_uevent": {:hex, :nerves_uevent, "0.1.0", "651111a46be9a238560cbf7946989fc500e5f33d7035fd9ea7194d07a281bc19", [:make, :mix], [{:elixir_make, "~> 0.6", [hex: :elixir_make, repo: "hexpm", optional: false]}, {:property_table, "~> 0.2.0", [hex: :property_table, repo: "hexpm", optional: false]}], "hexpm", "cb0b1993c3ed3cefadbcdb534e910af0661f95c3445796ce8a7c8be3519a4e5f"},
  "nimble_parsec": {:hex, :nimble_parsec, "1.4.0", "51f9b613ea62cfa97b25ccc2c1b4216e81df970acd8e16e8d1bdc58fef21370d", [:mix], [], "hexpm", "9c565862810fb383e9838c1dd2d7d2c437b3d13b267414ba6af33e50d2d1cf28"},
  "one_dhcpd": {:hex, :one_dhcpd, "2.0.1", "d2d24dcb29f84072f3666580e4fb297ce8533c61667f78c94643ad37d586f7b8", [:make, :mix], [{:elixir_make, "~> 0.6", [hex: :elixir_make, repo: "hexpm", optional: false]}], "hexpm", "1558faedeb560bb358827864bec3e862eadfcbaa589f9c2d457f49c833db704c"},
  "property_table": {:hex, :property_table, "0.2.5", "72567da62711d0b8b517990eadbe76685e5b02ed90ad5a2e48ae6f3a7922cf64", [:mix], [], "hexpm", "abfd4ce4dd9a7a6d39c0a35b177c09dc9aba5af0eb1f93cc28919e31d5f8bbab"},
  "ring_logger": {:hex, :ring_logger, "0.11.1", "be84b51def725cd8077f41f325e3cbd24ef28ad3c59f88512f58445032d86001", [:mix], [{:circular_buffer, "~> 0.4.0", [hex: :circular_buffer, repo: "hexpm", optional: false]}], "hexpm", "11accdafc29477c18e7f6d423f44071c2e319d772d7dd89edfda45ae2b6f936a"},
  "ssh_subsystem_fwup": {:hex, :ssh_subsystem_fwup, "0.6.1", "628f8e3795de5f1d0e7b3b55de4248ab0a77ab4c47e3cd282f1dda89d6354a9f", [:mix], [], "hexpm", "babdae337f2dc011ab5478662b4ec850650d7acfb165662ae47f6f0ce8892499"},
  "uboot_env": {:hex, :uboot_env, "1.0.1", "b0e136cf1a561412ff7db23ed2b6df18d7c7ce2fc59941afd851006788a67f3d", [:mix], [], "hexpm", "b6d4fe7c24123be57ed946c48116d23173e37944bc945b8b76fccc437909c60b"},
  "vintage_net": {:hex, :vintage_net, "0.13.5", "b02cbb44434eba68d8e991e7c9a75d491da73c3073ff4823843e66f451d6f088", [:make, :mix], [{:beam_notify, "~> 1.0 or ~> 0.2.0", [hex: :beam_notify, repo: "hexpm", optional: false]}, {:elixir_make, "~> 0.6", [hex: :elixir_make, repo: "hexpm", optional: false]}, {:gen_state_machine, "~> 2.0.0 or ~> 2.1.0 or ~> 3.0.0", [hex: :gen_state_machine, repo: "hexpm", optional: false]}, {:muontrap, "~> 1.0 or ~> 0.5.1 or ~> 0.6.0", [hex: :muontrap, repo: "hexpm", optional: false]}, {:property_table, "~> 0.2.0", [hex: :property_table, repo: "hexpm", optional: false]}], "hexpm", "67e04b8eaa40600bbea4902aba363792598b31cf144f6033d93d7662b60519ad"},
  "vintage_net_direct": {:hex, :vintage_net_direct, "0.10.7", "940561c375f04d6734ac78100ae1d8ef790ffd7e966f70efb525230fa1bc5774", [:mix], [{:one_dhcpd, "~> 2.0 or ~> 1.0 or ~> 0.2.3", [hex: :one_dhcpd, repo: "hexpm", optional: false]}, {:vintage_net, "~> 0.9.1 or ~> 0.10.0 or ~> 0.11.0 or ~> 0.12.0 or ~> 0.13.0", [hex: :vintage_net, repo: "hexpm", optional: false]}], "hexpm", "c040e9c33220495c28ba4464c5924da00bd4949627c4cb9c99ba1ed96f7b9429"},
  "vintage_net_ethernet": {:hex, :vintage_net_ethernet, "0.11.2", "ef67db5ace9ad5ca5bf229a507247f9eb45b847dc0ff694a6e8a156ed9c5915d", [:mix], [{:vintage_net, "~> 0.12.0 or ~> 0.13.0", [hex: :vintage_net, repo: "hexpm", optional: false]}], "hexpm", "6915f9e15e1aa15e52d1948f318ce5109181d1ad7aaa50016bad5dd8e22df9ea"},
  "vintage_net_wifi": {:hex, :vintage_net_wifi, "0.12.2", "22f672be7dc7cdbba6fc4eaeb9dd2746a6e6e8abf8dd868491bb73df5eb6209c", [:make, :mix], [{:elixir_make, "~> 0.6", [hex: :elixir_make, repo: "hexpm", optional: false]}, {:vintage_net, "~> 0.12.0 or ~> 0.13.0", [hex: :vintage_net, repo: "hexpm", optional: false]}], "hexpm", "3fa7dc4ffc1ac2d3c782646ebfd5c52c7647eeb4d75b6c29cffb67ab964b4229"},
}
